
Microsoft Visual Studio Solution File, Format Version 12.00
# Visual Studio Version 16
VisualStudioVersion = 16.0.33529.622
MinimumVisualStudioVersion = 10.0.40219.1
Project("{FAE04EC0-301F-11D3-BF4B-00C04F79EFBC}") = "market14", "market14\market14.csproj", "{5A44B4B1-BA75-4C24-BC21-B78776D9E3BE}"
EndProject
Global
	GlobalSection(SolutionConfigurationPlatforms) = preSolution
		Debug|Any CPU = Debug|Any CPU
		Release|Any CPU = Release|Any CPU
	EndGlobalSection
	GlobalSection(ProjectConfigurationPlatforms) = postSolution
		{5A44B4B1-BA75-4C24-BC21-B78776D9E3BE}.Debug|Any CPU.ActiveCfg = Debug|Any CPU
		{5A44B4B1-BA75-4C24-BC21-B78776D9E3BE}.Debug|Any CPU.Build.0 = Debug|Any CPU
		{5A44B4B1-BA75-4C24-BC21-B78776D9E3BE}.Release|Any CPU.ActiveCfg = Release|Any CPU
		{5A44B4B1-BA75-4C24-BC21-B78776D9E3BE}.Release|Any CPU.Build.0 = Release|Any CPU
	EndGlobalSection
	GlobalSection(SolutionProperties) = preSolution
		HideSolutionNode = FALSE
	EndGlobalSection
	GlobalSection(ExtensibilityGlobals) = postSolution
		SolutionGuid = {567092E7-78D1-47B9-883D-95CFEFBA7074}
	EndGlobalSection
EndGlobal
